// !$*UTF8*$!
{
	archiveVersion = 1;
	classes = {
	};
	objectVersion = 51;
	objects = {

/* Begin PBXBuildFile section */
		948D5EAF44EB6EA93BD65D71 /* Pods_AppleNews.framework in Frameworks */ = {isa = PBXBuildFile; fileRef = 0632234A600C5702E74740F4 /* Pods_AppleNews.framework */; };
		D014BC332503EBB6000D72AE /* UIColorHex.swift in Sources */ = {isa = PBXBuildFile; fileRef = D014BC322503EBB6000D72AE /* UIColorHex.swift */; };
		D014BC352503EBF0000D72AE /* Icon.swift in Sources */ = {isa = PBXBuildFile; fileRef = D014BC342503EBF0000D72AE /* Icon.swift */; };
		D014BC372503EC29000D72AE /* Sites+Ectentions.swift in Sources */ = {isa = PBXBuildFile; fileRef = D014BC362503EC28000D72AE /* Sites+Ectentions.swift */; };
		D014BC3A2503EC84000D72AE /* Settings.swift in Sources */ = {isa = PBXBuildFile; fileRef = D0F59E5524E4692800C8B54C /* Settings.swift */; };
		D035A9812538862500B86FB8 /* SFSafariView.swift in Sources */ = {isa = PBXBuildFile; fileRef = D035A9802538862500B86FB8 /* SFSafariView.swift */; };
		D04BFCE62518D8F200376DCB /* Client.swift in Sources */ = {isa = PBXBuildFile; fileRef = D04BFCE52518D8F200376DCB /* Client.swift */; };
		D04BFCE82518E2A300376DCB /* SitesConfig.swift in Sources */ = {isa = PBXBuildFile; fileRef = D04BFCE72518E2A300376DCB /* SitesConfig.swift */; };
		D05ECB3C2505060900D707C9 /* Webview.swift in Sources */ = {isa = PBXBuildFile; fileRef = D0F59E5624E4693200C8B54C /* Webview.swift */; };
		D0A2384724A73BDA006147E0 /* InitialView.swift in Sources */ = {isa = PBXBuildFile; fileRef = D0A2384624A73BDA006147E0 /* InitialView.swift */; };
		D0B1403224CD8B65000E4559 /* BottomSheetView.swift in Sources */ = {isa = PBXBuildFile; fileRef = D0B1403124CD8B65000E4559 /* BottomSheetView.swift */; };
		D0C2FD58251C054700EDAC1C /* Today.swift in Sources */ = {isa = PBXBuildFile; fileRef = D0C2FD57251C054700EDAC1C /* Today.swift */; };
		D0C74FD02486842B004B96A9 /* GradientMaker.swift in Sources */ = {isa = PBXBuildFile; fileRef = D0C74FCF2486842B004B96A9 /* GradientMaker.swift */; };
		D0F38D64245D788C008C1CBD /* AppleNews.xcdatamodeld in Sources */ = {isa = PBXBuildFile; fileRef = D0F38D62245D788C008C1CBD /* AppleNews.xcdatamodeld */; };
		D0F59E5924E46A9400C8B54C /* PrevButtonPosition.swift in Sources */ = {isa = PBXBuildFile; fileRef = D0F59E5824E46A9400C8B54C /* PrevButtonPosition.swift */; };
		D0FA10B3245C2A2C0049DC32 /* AppDelegate.swift in Sources */ = {isa = PBXBuildFile; fileRef = D0FA10B2245C2A2C0049DC32 /* AppDelegate.swift */; };
		D0FA10B5245C2A2C0049DC32 /* SceneDelegate.swift in Sources */ = {isa = PBXBuildFile; fileRef = D0FA10B4245C2A2C0049DC32 /* SceneDelegate.swift */; };
		D0FA10BA245C2A2C0049DC32 /* ContentView.swift in Sources */ = {isa = PBXBuildFile; fileRef = D0FA10B9245C2A2C0049DC32 /* ContentView.swift */; };
		D0FA10BC245C2A310049DC32 /* Assets.xcassets in Resources */ = {isa = PBXBuildFile; fileRef = D0FA10BB245C2A310049DC32 /* Assets.xcassets */; };
		D0FA10BF245C2A310049DC32 /* Preview Assets.xcassets in Resources */ = {isa = PBXBuildFile; fileRef = D0FA10BE245C2A310049DC32 /* Preview Assets.xcassets */; };
		D0FA10C2245C2A310049DC32 /* LaunchScreen.storyboard in Resources */ = {isa = PBXBuildFile; fileRef = D0FA10C0245C2A310049DC32 /* LaunchScreen.storyboard */; };
		D0FA10CD245C2A310049DC32 /* AppleNewsTests.swift in Sources */ = {isa = PBXBuildFile; fileRef = D0FA10CC245C2A310049DC32 /* AppleNewsTests.swift */; };
		D0FA10D8245C2A310049DC32 /* AppleNewsUITests.swift in Sources */ = {isa = PBXBuildFile; fileRef = D0FA10D7245C2A310049DC32 /* AppleNewsUITests.swift */; };
/* End PBXBuildFile section */

/* Begin PBXContainerItemProxy section */
		D0FA10C9245C2A310049DC32 /* PBXContainerItemProxy */ = {
			isa = PBXContainerItemProxy;
			containerPortal = D0FA10A7245C2A2C0049DC32 /* Project object */;
			proxyType = 1;
			remoteGlobalIDString = D0FA10AE245C2A2C0049DC32;
			remoteInfo = AppleNews;
		};
		D0FA10D4245C2A310049DC32 /* PBXContainerItemProxy */ = {
			isa = PBXContainerItemProxy;
			containerPortal = D0FA10A7245C2A2C0049DC32 /* Project object */;
			proxyType = 1;
			remoteGlobalIDString = D0FA10AE245C2A2C0049DC32;
			remoteInfo = AppleNews;
		};
/* End PBXContainerItemProxy section */

/* Begin PBXFileReference section */
		0632234A600C5702E74740F4 /* Pods_AppleNews.framework */ = {isa = PBXFileReference; explicitFileType = wrapper.framework; includeInIndex = 0; path = Pods_AppleNews.framework; sourceTree = BUILT_PRODUCTS_DIR; };
		26E2179FAA81D782BBD319E3 /* Pods-AppleNews.debug.xcconfig */ = {isa = PBXFileReference; includeInIndex = 1; lastKnownFileType = text.xcconfig; name = "Pods-AppleNews.debug.xcconfig"; path = "Target Support Files/Pods-AppleNews/Pods-AppleNews.debug.xcconfig"; sourceTree = "<group>"; };
		AE890F84B040CDFBD5DCCD36 /* Pods-AppleNews.release.xcconfig */ = {isa = PBXFileReference; includeInIndex = 1; lastKnownFileType = text.xcconfig; name = "Pods-AppleNews.release.xcconfig"; path = "Target Support Files/Pods-AppleNews/Pods-AppleNews.release.xcconfig"; sourceTree = "<group>"; };
		D014BC322503EBB6000D72AE /* UIColorHex.swift */ = {isa = PBXFileReference; fileEncoding = 4; lastKnownFileType = sourcecode.swift; path = UIColorHex.swift; sourceTree = "<group>"; };
		D014BC342503EBF0000D72AE /* Icon.swift */ = {isa = PBXFileReference; fileEncoding = 4; lastKnownFileType = sourcecode.swift; name = Icon.swift; path = AppleNews/Icon.swift; sourceTree = SOURCE_ROOT; };
		D014BC362503EC28000D72AE /* Sites+Ectentions.swift */ = {isa = PBXFileReference; fileEncoding = 4; lastKnownFileType = sourcecode.swift; path = "Sites+Ectentions.swift"; sourceTree = "<group>"; };
		D035A9802538862500B86FB8 /* SFSafariView.swift */ = {isa = PBXFileReference; lastKnownFileType = sourcecode.swift; path = SFSafariView.swift; sourceTree = "<group>"; };
		D04BFCE52518D8F200376DCB /* Client.swift */ = {isa = PBXFileReference; lastKnownFileType = sourcecode.swift; path = Client.swift; sourceTree = "<group>"; };
		D04BFCE72518E2A300376DCB /* SitesConfig.swift */ = {isa = PBXFileReference; lastKnownFileType = sourcecode.swift; path = SitesConfig.swift; sourceTree = "<group>"; };
		D0A2384624A73BDA006147E0 /* InitialView.swift */ = {isa = PBXFileReference; lastKnownFileType = sourcecode.swift; path = InitialView.swift; sourceTree = "<group>"; };
		D0B1403124CD8B65000E4559 /* BottomSheetView.swift */ = {isa = PBXFileReference; lastKnownFileType = sourcecode.swift; path = BottomSheetView.swift; sourceTree = "<group>"; };
		D0C2FD57251C054700EDAC1C /* Today.swift */ = {isa = PBXFileReference; lastKnownFileType = sourcecode.swift; path = Today.swift; sourceTree = "<group>"; };
		D0C74FCF2486842B004B96A9 /* GradientMaker.swift */ = {isa = PBXFileReference; lastKnownFileType = sourcecode.swift; path = GradientMaker.swift; sourceTree = "<group>"; };
		D0F38D63245D788C008C1CBD /* AppleNews.xcdatamodel */ = {isa = PBXFileReference; lastKnownFileType = wrapper.xcdatamodel; path = AppleNews.xcdatamodel; sourceTree = "<group>"; };
		D0F59E5524E4692800C8B54C /* Settings.swift */ = {isa = PBXFileReference; lastKnownFileType = sourcecode.swift; path = Settings.swift; sourceTree = "<group>"; };
		D0F59E5624E4693200C8B54C /* Webview.swift */ = {isa = PBXFileReference; lastKnownFileType = sourcecode.swift; path = Webview.swift; sourceTree = "<group>"; };
		D0F59E5824E46A9400C8B54C /* PrevButtonPosition.swift */ = {isa = PBXFileReference; lastKnownFileType = sourcecode.swift; path = PrevButtonPosition.swift; sourceTree = "<group>"; };
		D0FA10AF245C2A2C0049DC32 /* BookMarker.app */ = {isa = PBXFileReference; explicitFileType = wrapper.application; includeInIndex = 0; path = BookMarker.app; sourceTree = BUILT_PRODUCTS_DIR; };
		D0FA10B2245C2A2C0049DC32 /* AppDelegate.swift */ = {isa = PBXFileReference; lastKnownFileType = sourcecode.swift; path = AppDelegate.swift; sourceTree = "<group>"; };
		D0FA10B4245C2A2C0049DC32 /* SceneDelegate.swift */ = {isa = PBXFileReference; lastKnownFileType = sourcecode.swift; path = SceneDelegate.swift; sourceTree = "<group>"; };
		D0FA10B9245C2A2C0049DC32 /* ContentView.swift */ = {isa = PBXFileReference; lastKnownFileType = sourcecode.swift; path = ContentView.swift; sourceTree = "<group>"; };
		D0FA10BB245C2A310049DC32 /* Assets.xcassets */ = {isa = PBXFileReference; lastKnownFileType = folder.assetcatalog; path = Assets.xcassets; sourceTree = "<group>"; };
		D0FA10BE245C2A310049DC32 /* Preview Assets.xcassets */ = {isa = PBXFileReference; lastKnownFileType = folder.assetcatalog; path = "Preview Assets.xcassets"; sourceTree = "<group>"; };
		D0FA10C1245C2A310049DC32 /* Base */ = {isa = PBXFileReference; lastKnownFileType = file.storyboard; name = Base; path = Base.lproj/LaunchScreen.storyboard; sourceTree = "<group>"; };
		D0FA10C3245C2A310049DC32 /* Info.plist */ = {isa = PBXFileReference; lastKnownFileType = text.plist.xml; path = Info.plist; sourceTree = "<group>"; };
		D0FA10C8245C2A310049DC32 /* AppleNewsTests.xctest */ = {isa = PBXFileReference; explicitFileType = wrapper.cfbundle; includeInIndex = 0; path = AppleNewsTests.xctest; sourceTree = BUILT_PRODUCTS_DIR; };
		D0FA10CC245C2A310049DC32 /* AppleNewsTests.swift */ = {isa = PBXFileReference; lastKnownFileType = sourcecode.swift; path = AppleNewsTests.swift; sourceTree = "<group>"; };
		D0FA10CE245C2A310049DC32 /* Info.plist */ = {isa = PBXFileReference; lastKnownFileType = text.plist.xml; path = Info.plist; sourceTree = "<group>"; };
		D0FA10D3245C2A310049DC32 /* AppleNewsUITests.xctest */ = {isa = PBXFileReference; explicitFileType = wrapper.cfbundle; includeInIndex = 0; path = AppleNewsUITests.xctest; sourceTree = BUILT_PRODUCTS_DIR; };
		D0FA10D7245C2A310049DC32 /* AppleNewsUITests.swift */ = {isa = PBXFileReference; lastKnownFileType = sourcecode.swift; path = AppleNewsUITests.swift; sourceTree = "<group>"; };
		D0FA10D9245C2A310049DC32 /* Info.plist */ = {isa = PBXFileReference; lastKnownFileType = text.plist.xml; path = Info.plist; sourceTree = "<group>"; };
/* End PBXFileReference section */

/* Begin PBXFrameworksBuildPhase section */
		D0FA10AC245C2A2C0049DC32 /* Frameworks */ = {
			isa = PBXFrameworksBuildPhase;
			buildActionMask = 2147483647;
			files = (
				948D5EAF44EB6EA93BD65D71 /* Pods_AppleNews.framework in Frameworks */,
			);
			runOnlyForDeploymentPostprocessing = 0;
		};
		D0FA10C5245C2A310049DC32 /* Frameworks */ = {
			isa = PBXFrameworksBuildPhase;
			buildActionMask = 2147483647;
			files = (
			);
			runOnlyForDeploymentPostprocessing = 0;
		};
		D0FA10D0245C2A310049DC32 /* Frameworks */ = {
			isa = PBXFrameworksBuildPhase;
			buildActionMask = 2147483647;
			files = (
			);
			runOnlyForDeploymentPostprocessing = 0;
		};
/* End PBXFrameworksBuildPhase section */

/* Begin PBXGroup section */
		697E7A6BD20C758DEA02BAE5 /* Frameworks */ = {
			isa = PBXGroup;
			children = (
				0632234A600C5702E74740F4 /* Pods_AppleNews.framework */,
			);
			name = Frameworks;
			sourceTree = "<group>";
		};
		C63308CCA20F9FEAE8601AF1 /* Pods */ = {
			isa = PBXGroup;
			children = (
				26E2179FAA81D782BBD319E3 /* Pods-AppleNews.debug.xcconfig */,
				AE890F84B040CDFBD5DCCD36 /* Pods-AppleNews.release.xcconfig */,
			);
			path = Pods;
			sourceTree = "<group>";
		};
		D04BFCE42518D8C900376DCB /* Connection */ = {
			isa = PBXGroup;
			children = (
				D04BFCE52518D8F200376DCB /* Client.swift */,
				D04BFCE72518E2A300376DCB /* SitesConfig.swift */,
			);
			name = Connection;
			path = ..;
			sourceTree = "<group>";
		};
		D0F59E5424E468DC00C8B54C /* web */ = {
			isa = PBXGroup;
			children = (
				D0F59E5624E4693200C8B54C /* Webview.swift */,
			);
			path = web;
			sourceTree = "<group>";
		};
		D0F59E5724E46A4300C8B54C /* Modal */ = {
			isa = PBXGroup;
			children = (
				D0B1403124CD8B65000E4559 /* BottomSheetView.swift */,
				D0F59E5824E46A9400C8B54C /* PrevButtonPosition.swift */,
			);
			path = Modal;
			sourceTree = "<group>";
		};
		D0FA10A6245C2A2C0049DC32 = {
			isa = PBXGroup;
			children = (
				D0FA10B1245C2A2C0049DC32 /* AppleNews */,
				D0FA10CB245C2A310049DC32 /* AppleNewsTests */,
				D0FA10D6245C2A310049DC32 /* AppleNewsUITests */,
				D0FA10B0245C2A2C0049DC32 /* Products */,
				C63308CCA20F9FEAE8601AF1 /* Pods */,
				697E7A6BD20C758DEA02BAE5 /* Frameworks */,
			);
			sourceTree = "<group>";
		};
		D0FA10B0245C2A2C0049DC32 /* Products */ = {
			isa = PBXGroup;
			children = (
				D0FA10AF245C2A2C0049DC32 /* BookMarker.app */,
				D0FA10C8245C2A310049DC32 /* AppleNewsTests.xctest */,
				D0FA10D3245C2A310049DC32 /* AppleNewsUITests.xctest */,
			);
			name = Products;
			sourceTree = "<group>";
		};
		D0FA10B1245C2A2C0049DC32 /* AppleNews */ = {
			isa = PBXGroup;
			children = (
				D04BFCE42518D8C900376DCB /* Connection */,
				D0F59E5724E46A4300C8B54C /* Modal */,
				D0F59E5424E468DC00C8B54C /* web */,
				D014BC342503EBF0000D72AE /* Icon.swift */,
				D035A9802538862500B86FB8 /* SFSafariView.swift */,
				D0C2FD57251C054700EDAC1C /* Today.swift */,
				D0A2384624A73BDA006147E0 /* InitialView.swift */,
				D0F59E5524E4692800C8B54C /* Settings.swift */,
				D014BC362503EC28000D72AE /* Sites+Ectentions.swift */,
				D014BC322503EBB6000D72AE /* UIColorHex.swift */,
				D0FA10B2245C2A2C0049DC32 /* AppDelegate.swift */,
				D0FA10B4245C2A2C0049DC32 /* SceneDelegate.swift */,
				D0FA10B9245C2A2C0049DC32 /* ContentView.swift */,
				D0C74FCF2486842B004B96A9 /* GradientMaker.swift */,
				D0FA10BB245C2A310049DC32 /* Assets.xcassets */,
				D0FA10C0245C2A310049DC32 /* LaunchScreen.storyboard */,
				D0FA10C3245C2A310049DC32 /* Info.plist */,
				D0F38D62245D788C008C1CBD /* AppleNews.xcdatamodeld */,
				D0FA10BD245C2A310049DC32 /* Preview Content */,
			);
			path = AppleNews;
			sourceTree = "<group>";
		};
		D0FA10BD245C2A310049DC32 /* Preview Content */ = {
			isa = PBXGroup;
			children = (
				D0FA10BE245C2A310049DC32 /* Preview Assets.xcassets */,
			);
			path = "Preview Content";
			sourceTree = "<group>";
		};
		D0FA10CB245C2A310049DC32 /* AppleNewsTests */ = {
			isa = PBXGroup;
			children = (
				D0FA10CC245C2A310049DC32 /* AppleNewsTests.swift */,
				D0FA10CE245C2A310049DC32 /* Info.plist */,
			);
			path = AppleNewsTests;
			sourceTree = "<group>";
		};
		D0FA10D6245C2A310049DC32 /* AppleNewsUITests */ = {
			isa = PBXGroup;
			children = (
				D0FA10D7245C2A310049DC32 /* AppleNewsUITests.swift */,
				D0FA10D9245C2A310049DC32 /* Info.plist */,
			);
			path = AppleNewsUITests;
			sourceTree = "<group>";
		};
/* End PBXGroup section */

/* Begin PBXNativeTarget section */
		D0FA10AE245C2A2C0049DC32 /* AppleNews */ = {
			isa = PBXNativeTarget;
			buildConfigurationList = D0FA10DC245C2A320049DC32 /* Build configuration list for PBXNativeTarget "AppleNews" */;
			buildPhases = (
				2BD377AF45AFDDA02BB427AF /* [CP] Check Pods Manifest.lock */,
				D0FA10AB245C2A2C0049DC32 /* Sources */,
				D0FA10AC245C2A2C0049DC32 /* Frameworks */,
				D0FA10AD245C2A2C0049DC32 /* Resources */,
				565671B823E129B6117315E0 /* [CP] Embed Pods Frameworks */,
			);
			buildRules = (
			);
			dependencies = (
			);
			name = AppleNews;
			productName = AppleNews;
			productReference = D0FA10AF245C2A2C0049DC32 /* BookMarker.app */;
			productType = "com.apple.product-type.application";
		};
		D0FA10C7245C2A310049DC32 /* AppleNewsTests */ = {
			isa = PBXNativeTarget;
			buildConfigurationList = D0FA10DF245C2A320049DC32 /* Build configuration list for PBXNativeTarget "AppleNewsTests" */;
			buildPhases = (
				D0FA10C4245C2A310049DC32 /* Sources */,
				D0FA10C5245C2A310049DC32 /* Frameworks */,
				D0FA10C6245C2A310049DC32 /* Resources */,
			);
			buildRules = (
			);
			dependencies = (
				D0FA10CA245C2A310049DC32 /* PBXTargetDependency */,
			);
			name = AppleNewsTests;
			productName = AppleNewsTests;
			productReference = D0FA10C8245C2A310049DC32 /* AppleNewsTests.xctest */;
			productType = "com.apple.product-type.bundle.unit-test";
		};
		D0FA10D2245C2A310049DC32 /* AppleNewsUITests */ = {
			isa = PBXNativeTarget;
			buildConfigurationList = D0FA10E2245C2A320049DC32 /* Build configuration list for PBXNativeTarget "AppleNewsUITests" */;
			buildPhases = (
				D0FA10CF245C2A310049DC32 /* Sources */,
				D0FA10D0245C2A310049DC32 /* Frameworks */,
				D0FA10D1245C2A310049DC32 /* Resources */,
			);
			buildRules = (
			);
			dependencies = (
				D0FA10D5245C2A310049DC32 /* PBXTargetDependency */,
			);
			name = AppleNewsUITests;
			productName = AppleNewsUITests;
			productReference = D0FA10D3245C2A310049DC32 /* AppleNewsUITests.xctest */;
			productType = "com.apple.product-type.bundle.ui-testing";
		};
/* End PBXNativeTarget section */

/* Begin PBXProject section */
		D0FA10A7245C2A2C0049DC32 /* Project object */ = {
			isa = PBXProject;
			attributes = {
				LastSwiftUpdateCheck = 1140;
				LastUpgradeCheck = 1140;
				ORGANIZATIONNAME = dan;
				TargetAttributes = {
					D0FA10AE245C2A2C0049DC32 = {
						CreatedOnToolsVersion = 11.4;
					};
					D0FA10C7245C2A310049DC32 = {
						CreatedOnToolsVersion = 11.4;
						TestTargetID = D0FA10AE245C2A2C0049DC32;
					};
					D0FA10D2245C2A310049DC32 = {
						CreatedOnToolsVersion = 11.4;
						TestTargetID = D0FA10AE245C2A2C0049DC32;
					};
				};
			};
			buildConfigurationList = D0FA10AA245C2A2C0049DC32 /* Build configuration list for PBXProject "AppleNews" */;
			compatibilityVersion = "Xcode 9.3";
			developmentRegion = en;
			hasScannedForEncodings = 0;
			knownRegions = (
				en,
				Base,
			);
			mainGroup = D0FA10A6245C2A2C0049DC32;
			productRefGroup = D0FA10B0245C2A2C0049DC32 /* Products */;
			projectDirPath = "";
			projectRoot = "";
			targets = (
				D0FA10AE245C2A2C0049DC32 /* AppleNews */,
				D0FA10C7245C2A310049DC32 /* AppleNewsTests */,
				D0FA10D2245C2A310049DC32 /* AppleNewsUITests */,
			);
		};
/* End PBXProject section */

/* Begin PBXResourcesBuildPhase section */
		D0FA10AD245C2A2C0049DC32 /* Resources */ = {
			isa = PBXResourcesBuildPhase;
			buildActionMask = 2147483647;
			files = (
				D0FA10C2245C2A310049DC32 /* LaunchScreen.storyboard in Resources */,
				D0FA10BF245C2A310049DC32 /* Preview Assets.xcassets in Resources */,
				D0FA10BC245C2A310049DC32 /* Assets.xcassets in Resources */,
			);
			runOnlyForDeploymentPostprocessing = 0;
		};
		D0FA10C6245C2A310049DC32 /* Resources */ = {
			isa = PBXResourcesBuildPhase;
			buildActionMask = 2147483647;
			files = (
			);
			runOnlyForDeploymentPostprocessing = 0;
		};
		D0FA10D1245C2A310049DC32 /* Resources */ = {
			isa = PBXResourcesBuildPhase;
			buildActionMask = 2147483647;
			files = (
			);
			runOnlyForDeploymentPostprocessing = 0;
		};
/* End PBXResourcesBuildPhase section */

/* Begin PBXShellScriptBuildPhase section */
		2BD377AF45AFDDA02BB427AF /* [CP] Check Pods Manifest.lock */ = {
			isa = PBXShellScriptBuildPhase;
			buildActionMask = 2147483647;
			files = (
			);
			inputFileListPaths = (
			);
			inputPaths = (
				"${PODS_PODFILE_DIR_PATH}/Podfile.lock",
				"${PODS_ROOT}/Manifest.lock",
			);
			name = "[CP] Check Pods Manifest.lock";
			outputFileListPaths = (
			);
			outputPaths = (
				"$(DERIVED_FILE_DIR)/Pods-AppleNews-checkManifestLockResult.txt",
			);
			runOnlyForDeploymentPostprocessing = 0;
			shellPath = /bin/sh;
			shellScript = "diff \"${PODS_PODFILE_DIR_PATH}/Podfile.lock\" \"${PODS_ROOT}/Manifest.lock\" > /dev/null\nif [ $? != 0 ] ; then\n    # print error to STDERR\n    echo \"error: The sandbox is not in sync with the Podfile.lock. Run 'pod install' or update your CocoaPods installation.\" >&2\n    exit 1\nfi\n# This output is used by Xcode 'outputs' to avoid re-running this script phase.\necho \"SUCCESS\" > \"${SCRIPT_OUTPUT_FILE_0}\"\n";
			showEnvVarsInLog = 0;
		};
		565671B823E129B6117315E0 /* [CP] Embed Pods Frameworks */ = {
			isa = PBXShellScriptBuildPhase;
			buildActionMask = 2147483647;
			files = (
			);
			inputFileListPaths = (
				"${PODS_ROOT}/Target Support Files/Pods-AppleNews/Pods-AppleNews-frameworks-${CONFIGURATION}-input-files.xcfilelist",
			);
			name = "[CP] Embed Pods Frameworks";
			outputFileListPaths = (
				"${PODS_ROOT}/Target Support Files/Pods-AppleNews/Pods-AppleNews-frameworks-${CONFIGURATION}-output-files.xcfilelist",
			);
			runOnlyForDeploymentPostprocessing = 0;
			shellPath = /bin/sh;
			shellScript = "\"${PODS_ROOT}/Target Support Files/Pods-AppleNews/Pods-AppleNews-frameworks.sh\"\n";
			showEnvVarsInLog = 0;
		};
/* End PBXShellScriptBuildPhase section */

/* Begin PBXSourcesBuildPhase section */
		D0FA10AB245C2A2C0049DC32 /* Sources */ = {
			isa = PBXSourcesBuildPhase;
			buildActionMask = 2147483647;
			files = (
				D0F38D64245D788C008C1CBD /* AppleNews.xcdatamodeld in Sources */,
				D04BFCE62518D8F200376DCB /* Client.swift in Sources */,
				D014BC372503EC29000D72AE /* Sites+Ectentions.swift in Sources */,
				D035A9812538862500B86FB8 /* SFSafariView.swift in Sources */,
				D014BC3A2503EC84000D72AE /* Settings.swift in Sources */,
				D0FA10B3245C2A2C0049DC32 /* AppDelegate.swift in Sources */,
				D014BC352503EBF0000D72AE /* Icon.swift in Sources */,
				D04BFCE82518E2A300376DCB /* SitesConfig.swift in Sources */,
				D0C2FD58251C054700EDAC1C /* Today.swift in Sources */,
				D0FA10B5245C2A2C0049DC32 /* SceneDelegate.swift in Sources */,
				D0FA10BA245C2A2C0049DC32 /* ContentView.swift in Sources */,
				D0F59E5924E46A9400C8B54C /* PrevButtonPosition.swift in Sources */,
				D0A2384724A73BDA006147E0 /* InitialView.swift in Sources */,
				D05ECB3C2505060900D707C9 /* Webview.swift in Sources */,
				D0C74FD02486842B004B96A9 /* GradientMaker.swift in Sources */,
				D0B1403224CD8B65000E4559 /* BottomSheetView.swift in Sources */,
				D014BC332503EBB6000D72AE /* UIColorHex.swift in Sources */,
			);
			runOnlyForDeploymentPostprocessing = 0;
		};
		D0FA10C4245C2A310049DC32 /* Sources */ = {
			isa = PBXSourcesBuildPhase;
			buildActionMask = 2147483647;
			files = (
				D0FA10CD245C2A310049DC32 /* AppleNewsTests.swift in Sources */,
			);
			runOnlyForDeploymentPostprocessing = 0;
		};
		D0FA10CF245C2A310049DC32 /* Sources */ = {
			isa = PBXSourcesBuildPhase;
			buildActionMask = 2147483647;
			files = (
				D0FA10D8245C2A310049DC32 /* AppleNewsUITests.swift in Sources */,
			);
			runOnlyForDeploymentPostprocessing = 0;
		};
/* End PBXSourcesBuildPhase section */

/* Begin PBXTargetDependency section */
		D0FA10CA245C2A310049DC32 /* PBXTargetDependency */ = {
			isa = PBXTargetDependency;
			target = D0FA10AE245C2A2C0049DC32 /* AppleNews */;
			targetProxy = D0FA10C9245C2A310049DC32 /* PBXContainerItemProxy */;
		};
		D0FA10D5245C2A310049DC32 /* PBXTargetDependency */ = {
			isa = PBXTargetDependency;
			target = D0FA10AE245C2A2C0049DC32 /* AppleNews */;
			targetProxy = D0FA10D4245C2A310049DC32 /* PBXContainerItemProxy */;
		};
/* End PBXTargetDependency section */

/* Begin PBXVariantGroup section */
		D0FA10C0245C2A310049DC32 /* LaunchScreen.storyboard */ = {
			isa = PBXVariantGroup;
			children = (
				D0FA10C1245C2A310049DC32 /* Base */,
			);
			name = LaunchScreen.storyboard;
			sourceTree = "<group>";
		};
/* End PBXVariantGroup section */

/* Begin XCBuildConfiguration section */
		D0FA10DA245C2A320049DC32 /* Debug */ = {
			isa = XCBuildConfiguration;
			buildSettings = {
				ALWAYS_SEARCH_USER_PATHS = NO;
				CLANG_ANALYZER_NONNULL = YES;
				CLANG_ANALYZER_NUMBER_OBJECT_CONVERSION = YES_AGGRESSIVE;
				CLANG_CXX_LANGUAGE_STANDARD = "gnu++14";
				CLANG_CXX_LIBRARY = "libc++";
				CLANG_ENABLE_MODULES = YES;
				CLANG_ENABLE_OBJC_ARC = YES;
				CLANG_ENABLE_OBJC_WEAK = YES;
				CLANG_WARN_BLOCK_CAPTURE_AUTORELEASING = YES;
				CLANG_WARN_BOOL_CONVERSION = YES;
				CLANG_WARN_COMMA = YES;
				CLANG_WARN_CONSTANT_CONVERSION = YES;
				CLANG_WARN_DEPRECATED_OBJC_IMPLEMENTATIONS = YES;
				CLANG_WARN_DIRECT_OBJC_ISA_USAGE = YES_ERROR;
				CLANG_WARN_DOCUMENTATION_COMMENTS = YES;
				CLANG_WARN_EMPTY_BODY = YES;
				CLANG_WARN_ENUM_CONVERSION = YES;
				CLANG_WARN_INFINITE_RECURSION = YES;
				CLANG_WARN_INT_CONVERSION = YES;
				CLANG_WARN_NON_LITERAL_NULL_CONVERSION = YES;
				CLANG_WARN_OBJC_IMPLICIT_RETAIN_SELF = YES;
				CLANG_WARN_OBJC_LITERAL_CONVERSION = YES;
				CLANG_WARN_OBJC_ROOT_CLASS = YES_ERROR;
				CLANG_WARN_RANGE_LOOP_ANALYSIS = YES;
				CLANG_WARN_STRICT_PROTOTYPES = YES;
				CLANG_WARN_SUSPICIOUS_MOVE = YES;
				CLANG_WARN_UNGUARDED_AVAILABILITY = YES_AGGRESSIVE;
				CLANG_WARN_UNREACHABLE_CODE = YES;
				CLANG_WARN__DUPLICATE_METHOD_MATCH = YES;
				COPY_PHASE_STRIP = NO;
				DEBUG_INFORMATION_FORMAT = dwarf;
				ENABLE_STRICT_OBJC_MSGSEND = YES;
				ENABLE_TESTABILITY = YES;
				GCC_C_LANGUAGE_STANDARD = gnu11;
				GCC_DYNAMIC_NO_PIC = NO;
				GCC_NO_COMMON_BLOCKS = YES;
				GCC_OPTIMIZATION_LEVEL = 0;
				GCC_PREPROCESSOR_DEFINITIONS = (
					"DEBUG=1",
					"$(inherited)",
				);
				GCC_WARN_64_TO_32_BIT_CONVERSION = YES;
				GCC_WARN_ABOUT_RETURN_TYPE = YES_ERROR;
				GCC_WARN_UNDECLARED_SELECTOR = YES;
				GCC_WARN_UNINITIALIZED_AUTOS = YES_AGGRESSIVE;
				GCC_WARN_UNUSED_FUNCTION = YES;
				GCC_WARN_UNUSED_VARIABLE = YES;
				IPHONEOS_DEPLOYMENT_TARGET = 14.0;
				MTL_ENABLE_DEBUG_INFO = INCLUDE_SOURCE;
				MTL_FAST_MATH = YES;
				ONLY_ACTIVE_ARCH = YES;
				SDKROOT = iphoneos;
				SWIFT_ACTIVE_COMPILATION_CONDITIONS = DEBUG;
				SWIFT_OPTIMIZATION_LEVEL = "-Onone";
			};
			name = Debug;
		};
		D0FA10DB245C2A320049DC32 /* Release */ = {
			isa = XCBuildConfiguration;
			buildSettings = {
				ALWAYS_SEARCH_USER_PATHS = NO;
				CLANG_ANALYZER_NONNULL = YES;
				CLANG_ANALYZER_NUMBER_OBJECT_CONVERSION = YES_AGGRESSIVE;
				CLANG_CXX_LANGUAGE_STANDARD = "gnu++14";
				CLANG_CXX_LIBRARY = "libc++";
				CLANG_ENABLE_MODULES = YES;
				CLANG_ENABLE_OBJC_ARC = YES;
				CLANG_ENABLE_OBJC_WEAK = YES;
				CLANG_WARN_BLOCK_CAPTURE_AUTORELEASING = YES;
				CLANG_WARN_BOOL_CONVERSION = YES;
				CLANG_WARN_COMMA = YES;
				CLANG_WARN_CONSTANT_CONVERSION = YES;
				CLANG_WARN_DEPRECATED_OBJC_IMPLEMENTATIONS = YES;
				CLANG_WARN_DIRECT_OBJC_ISA_USAGE = YES_ERROR;
				CLANG_WARN_DOCUMENTATION_COMMENTS = YES;
				CLANG_WARN_EMPTY_BODY = YES;
				CLANG_WARN_ENUM_CONVERSION = YES;
				CLANG_WARN_INFINITE_RECURSION = YES;
				CLANG_WARN_INT_CONVERSION = YES;
				CLANG_WARN_NON_LITERAL_NULL_CONVERSION = YES;
				CLANG_WARN_OBJC_IMPLICIT_RETAIN_SELF = YES;
				CLANG_WARN_OBJC_LITERAL_CONVERSION = YES;
				CLANG_WARN_OBJC_ROOT_CLASS = YES_ERROR;
				CLANG_WARN_RANGE_LOOP_ANALYSIS = YES;
				CLANG_WARN_STRICT_PROTOTYPES = YES;
				CLANG_WARN_SUSPICIOUS_MOVE = YES;
				CLANG_WARN_UNGUARDED_AVAILABILITY = YES_AGGRESSIVE;
				CLANG_WARN_UNREACHABLE_CODE = YES;
				CLANG_WARN__DUPLICATE_METHOD_MATCH = YES;
				COPY_PHASE_STRIP = NO;
				DEBUG_INFORMATION_FORMAT = "dwarf-with-dsym";
				ENABLE_NS_ASSERTIONS = NO;
				ENABLE_STRICT_OBJC_MSGSEND = YES;
				GCC_C_LANGUAGE_STANDARD = gnu11;
				GCC_NO_COMMON_BLOCKS = YES;
				GCC_WARN_64_TO_32_BIT_CONVERSION = YES;
				GCC_WARN_ABOUT_RETURN_TYPE = YES_ERROR;
				GCC_WARN_UNDECLARED_SELECTOR = YES;
				GCC_WARN_UNINITIALIZED_AUTOS = YES_AGGRESSIVE;
				GCC_WARN_UNUSED_FUNCTION = YES;
				GCC_WARN_UNUSED_VARIABLE = YES;
				IPHONEOS_DEPLOYMENT_TARGET = 14.0;
				MTL_ENABLE_DEBUG_INFO = NO;
				MTL_FAST_MATH = YES;
				SDKROOT = iphoneos;
				SWIFT_COMPILATION_MODE = wholemodule;
				SWIFT_OPTIMIZATION_LEVEL = "-O";
				VALIDATE_PRODUCT = YES;
			};
			name = Release;
		};
		D0FA10DD245C2A320049DC32 /* Debug */ = {
			isa = XCBuildConfiguration;
			baseConfigurationReference = 26E2179FAA81D782BBD319E3 /* Pods-AppleNews.debug.xcconfig */;
			buildSettings = {
				ASSETCATALOG_COMPILER_APPICON_NAME = AppIcon;
				CODE_SIGN_STYLE = Automatic;
				DEAD_CODE_STRIPPING = YES;
				DEVELOPMENT_ASSET_PATHS = "\"AppleNews/Preview Content\"";
				DEVELOPMENT_TEAM = GQCUYA55W4;
				ENABLE_PREVIEWS = YES;
				INFOPLIST_FILE = AppleNews/Info.plist;
				LD_RUNPATH_SEARCH_PATHS = (
					"$(inherited)",
					"@executable_path/Frameworks",
				);
				PRODUCT_BUNDLE_IDENTIFIER = dan.AppleNews;
				PRODUCT_NAME = BookMarker;
				SWIFT_VERSION = 5.0;
				TARGETED_DEVICE_FAMILY = "1,2";
			};
			name = Debug;
		};
		D0FA10DE245C2A320049DC32 /* Release */ = {
			isa = XCBuildConfiguration;
			baseConfigurationReference = AE890F84B040CDFBD5DCCD36 /* Pods-AppleNews.release.xcconfig */;
			buildSettings = {
				ASSETCATALOG_COMPILER_APPICON_NAME = AppIcon;
				CODE_SIGN_STYLE = Automatic;
				DEAD_CODE_STRIPPING = YES;
				DEVELOPMENT_ASSET_PATHS = "\"AppleNews/Preview Content\"";
				DEVELOPMENT_TEAM = GQCUYA55W4;
				ENABLE_PREVIEWS = YES;
				INFOPLIST_FILE = AppleNews/Info.plist;
				LD_RUNPATH_SEARCH_PATHS = (
					"$(inherited)",
					"@executable_path/Frameworks",
				);
				PRODUCT_BUNDLE_IDENTIFIER = dan.AppleNews;
				PRODUCT_NAME = BookMarker;
				SWIFT_VERSION = 5.0;
				TARGETED_DEVICE_FAMILY = "1,2";
			};
			name = Release;
		};
		D0FA10E0245C2A320049DC32 /* Debug */ = {
			isa = XCBuildConfiguration;
			buildSettings = {
				ALWAYS_EMBED_SWIFT_STANDARD_LIBRARIES = YES;
				BUNDLE_LOADER = "$(TEST_HOST)";
				CODE_SIGN_STYLE = Automatic;
				INFOPLIST_FILE = AppleNewsTests/Info.plist;
				IPHONEOS_DEPLOYMENT_TARGET = 13.4;
				LD_RUNPATH_SEARCH_PATHS = (
					"$(inherited)",
					"@executable_path/Frameworks",
					"@loader_path/Frameworks",
				);
				PRODUCT_BUNDLE_IDENTIFIER = dan.AppleNewsTests;
				PRODUCT_NAME = "$(TARGET_NAME)";
				SWIFT_VERSION = 5.0;
				TARGETED_DEVICE_FAMILY = "1,2";
				TEST_HOST = "$(BUILT_PRODUCTS_DIR)/AppleNews.app/AppleNews";
			};
			name = Debug;
		};
		D0FA10E1245C2A320049DC32 /* Release */ = {
			isa = XCBuildConfiguration;
			buildSettings = {
				ALWAYS_EMBED_SWIFT_STANDARD_LIBRARIES = YES;
				BUNDLE_LOADER = "$(TEST_HOST)";
				CODE_SIGN_STYLE = Automatic;
				INFOPLIST_FILE = AppleNewsTests/Info.plist;
				IPHONEOS_DEPLOYMENT_TARGET = 13.4;
				LD_RUNPATH_SEARCH_PATHS = (
					"$(inherited)",
					"@executable_path/Frameworks",
					"@loader_path/Frameworks",
				);
				PRODUCT_BUNDLE_IDENTIFIER = dan.AppleNewsTests;
				PRODUCT_NAME = "$(TARGET_NAME)";
				SWIFT_VERSION = 5.0;
				TARGETED_DEVICE_FAMILY = "1,2";
				TEST_HOST = "$(BUILT_PRODUCTS_DIR)/AppleNews.app/AppleNews";
			};
			name = Release;
		};
		D0FA10E3245C2A320049DC32 /* Debug */ = {
			isa = XCBuildConfiguration;
			buildSettings = {
				ALWAYS_EMBED_SWIFT_STANDARD_LIBRARIES = YES;
				CODE_SIGN_STYLE = Automatic;
				INFOPLIST_FILE = AppleNewsUITests/Info.plist;
				LD_RUNPATH_SEARCH_PATHS = (
					"$(inherited)",
					"@executable_path/Frameworks",
					"@loader_path/Frameworks",
				);
				PRODUCT_BUNDLE_IDENTIFIER = dan.AppleNewsUITests;
				PRODUCT_NAME = "$(TARGET_NAME)";
				SWIFT_VERSION = 5.0;
				TARGETED_DEVICE_FAMILY = "1,2";
				TEST_TARGET_NAME = AppleNews;
			};
			name = Debug;
		};
		D0FA10E4245C2A320049DC32 /* Release */ = {
			isa = XCBuildConfiguration;
			buildSettings = {
				ALWAYS_EMBED_SWIFT_STANDARD_LIBRARIES = YES;
				CODE_SIGN_STYLE = Automatic;
				INFOPLIST_FILE = AppleNewsUITests/Info.plist;
				LD_RUNPATH_SEARCH_PATHS = (
					"$(inherited)",
					"@executable_path/Frameworks",
					"@loader_path/Frameworks",
				);
				PRODUCT_BUNDLE_IDENTIFIER = dan.AppleNewsUITests;
				PRODUCT_NAME = "$(TARGET_NAME)";
				SWIFT_VERSION = 5.0;
				TARGETED_DEVICE_FAMILY = "1,2";
				TEST_TARGET_NAME = AppleNews;
			};
			name = Release;
		};
/* End XCBuildConfiguration section */

/* Begin XCConfigurationList section */
		D0FA10AA245C2A2C0049DC32 /* Build configuration list for PBXProject "AppleNews" */ = {
			isa = XCConfigurationList;
			buildConfigurations = (
				D0FA10DA245C2A320049DC32 /* Debug */,
				D0FA10DB245C2A320049DC32 /* Release */,
			);
			defaultConfigurationIsVisible = 0;
			defaultConfigurationName = Release;
		};
		D0FA10DC245C2A320049DC32 /* Build configuration list for PBXNativeTarget "AppleNews" */ = {
			isa = XCConfigurationList;
			buildConfigurations = (
				D0FA10DD245C2A320049DC32 /* Debug */,
				D0FA10DE245C2A320049DC32 /* Release */,
			);
			defaultConfigurationIsVisible = 0;
			defaultConfigurationName = Release;
		};
		D0FA10DF245C2A320049DC32 /* Build configuration list for PBXNativeTarget "AppleNewsTests" */ = {
			isa = XCConfigurationList;
			buildConfigurations = (
				D0FA10E0245C2A320049DC32 /* Debug */,
				D0FA10E1245C2A320049DC32 /* Release */,
			);
			defaultConfigurationIsVisible = 0;
			defaultConfigurationName = Release;
		};
		D0FA10E2245C2A320049DC32 /* Build configuration list for PBXNativeTarget "AppleNewsUITests" */ = {
			isa = XCConfigurationList;
			buildConfigurations = (
				D0FA10E3245C2A320049DC32 /* Debug */,
				D0FA10E4245C2A320049DC32 /* Release */,
			);
			defaultConfigurationIsVisible = 0;
			defaultConfigurationName = Release;
		};
/* End XCConfigurationList section */

/* Begin XCVersionGroup section */
		D0F38D62245D788C008C1CBD /* AppleNews.xcdatamodeld */ = {
			isa = XCVersionGroup;
			children = (
				D0F38D63245D788C008C1CBD /* AppleNews.xcdatamodel */,
			);
			currentVersion = D0F38D63245D788C008C1CBD /* AppleNews.xcdatamodel */;
			path = AppleNews.xcdatamodeld;
			sourceTree = "<group>";
			versionGroupType = wrapper.xcdatamodel;
		};
/* End XCVersionGroup section */
	};
	rootObject = D0FA10A7245C2A2C0049DC32 /* Project object */;
}
